// !$*UTF8*$!
{
	archiveVersion = 1;
	classes = {
	};
	objectVersion = 46;
	objects = {

/* Begin PBXBuildFile section */
		F62D9E7A155CC22900FCCBF1 /* UIKit.framework in Frameworks */ = {isa = PBXBuildFile; fileRef = F62D9E79155CC22900FCCBF1 /* UIKit.framework */; };
		F62D9E7C155CC22900FCCBF1 /* Foundation.framework in Frameworks */ = {isa = PBXBuildFile; fileRef = F62D9E7B155CC22900FCCBF1 /* Foundation.framework */; };
		F62D9E7E155CC22900FCCBF1 /* CoreGraphics.framework in Frameworks */ = {isa = PBXBuildFile; fileRef = F62D9E7D155CC22900FCCBF1 /* CoreGraphics.framework */; };
		F62D9E84155CC22900FCCBF1 /* InfoPlist.strings in Resources */ = {isa = PBXBuildFile; fileRef = F62D9E82155CC22900FCCBF1 /* InfoPlist.strings */; };
		F62D9E86155CC22900FCCBF1 /* main.m in Sources */ = {isa = PBXBuildFile; fileRef = F62D9E85155CC22900FCCBF1 /* main.m */; };
		F62D9E8A155CC22900FCCBF1 /* AppDelegate.m in Sources */ = {isa = PBXBuildFile; fileRef = F62D9E89155CC22900FCCBF1 /* AppDelegate.m */; };
		F62D9E8D155CC22900FCCBF1 /* ViewController.m in Sources */ = {isa = PBXBuildFile; fileRef = F62D9E8C155CC22900FCCBF1 /* ViewController.m */; };
		F62D9E90155CC22900FCCBF1 /* ViewController.xib in Resources */ = {isa = PBXBuildFile; fileRef = F62D9E8E155CC22900FCCBF1 /* ViewController.xib */; };
		F62D9E9B155CC31D00FCCBF1 /* CoreTelephony.framework in Frameworks */ = {isa = PBXBuildFile; fileRef = F62D9E9A155CC31D00FCCBF1 /* CoreTelephony.framework */; };
		F62D9EAF155CCCA200FCCBF1 /* CallHandler.m in Sources */ = {isa = PBXBuildFile; fileRef = F62D9EAE155CCCA200FCCBF1 /* CallHandler.m */; };
/* End PBXBuildFile section */

/* Begin PBXFileReference section */
		F62D9E75155CC22900FCCBF1 /* PhoneCallBlock.app */ = {isa = PBXFileReference; explicitFileType = wrapper.application; includeInIndex = 0; path = PhoneCallBlock.app; sourceTree = BUILT_PRODUCTS_DIR; };
		F62D9E79155CC22900FCCBF1 /* UIKit.framework */ = {isa = PBXFileReference; lastKnownFileType = wrapper.framework; name = UIKit.framework; path = System/Library/Frameworks/UIKit.framework; sourceTree = SDKROOT; };
		F62D9E7B155CC22900FCCBF1 /* Foundation.framework */ = {isa = PBXFileReference; lastKnownFileType = wrapper.framework; name = Foundation.framework; path = System/Library/Frameworks/Foundation.framework; sourceTree = SDKROOT; };
		F62D9E7D155CC22900FCCBF1 /* CoreGraphics.framework */ = {isa = PBXFileReference; lastKnownFileType = wrapper.framework; name = CoreGraphics.framework; path = System/Library/Frameworks/CoreGraphics.framework; sourceTree = SDKROOT; };
		F62D9E81155CC22900FCCBF1 /* PhoneCallBlock-Info.plist */ = {isa = PBXFileReference; lastKnownFileType = text.plist.xml; path = "PhoneCallBlock-Info.plist"; sourceTree = "<group>"; };
		F62D9E83155CC22900FCCBF1 /* en */ = {isa = PBXFileReference; lastKnownFileType = text.plist.strings; name = en; path = en.lproj/InfoPlist.strings; sourceTree = "<group>"; };
		F62D9E85155CC22900FCCBF1 /* main.m */ = {isa = PBXFileReference; lastKnownFileType = sourcecode.c.objc; path = main.m; sourceTree = "<group>"; };
		F62D9E87155CC22900FCCBF1 /* PhoneCallBlock-Prefix.pch */ = {isa = PBXFileReference; lastKnownFileType = sourcecode.c.h; path = "PhoneCallBlock-Prefix.pch"; sourceTree = "<group>"; };
		F62D9E88155CC22900FCCBF1 /* AppDelegate.h */ = {isa = PBXFileReference; lastKnownFileType = sourcecode.c.h; path = AppDelegate.h; sourceTree = "<group>"; };
		F62D9E89155CC22900FCCBF1 /* AppDelegate.m */ = {isa = PBXFileReference; lastKnownFileType = sourcecode.c.objc; path = AppDelegate.m; sourceTree = "<group>"; };
		F62D9E8B155CC22900FCCBF1 /* ViewController.h */ = {isa = PBXFileReference; lastKnownFileType = sourcecode.c.h; path = ViewController.h; sourceTree = "<group>"; };
		F62D9E8C155CC22900FCCBF1 /* ViewController.m */ = {isa = PBXFileReference; lastKnownFileType = sourcecode.c.objc; path = ViewController.m; sourceTree = "<group>"; };
		F62D9E8F155CC22900FCCBF1 /* en */ = {isa = PBXFileReference; lastKnownFileType = file.xib; name = en; path = en.lproj/ViewController.xib; sourceTree = "<group>"; };
		F62D9E9A155CC31D00FCCBF1 /* CoreTelephony.framework */ = {isa = PBXFileReference; lastKnownFileType = wrapper.framework; name = CoreTelephony.framework; path = System/Library/Frameworks/CoreTelephony.framework; sourceTree = SDKROOT; };
		F62D9EAD155CCCA200FCCBF1 /* CallHandler.h */ = {isa = PBXFileReference; fileEncoding = 4; lastKnownFileType = sourcecode.c.h; path = CallHandler.h; sourceTree = "<group>"; };
		F62D9EAE155CCCA200FCCBF1 /* CallHandler.m */ = {isa = PBXFileReference; fileEncoding = 4; lastKnownFileType = sourcecode.c.objc; path = CallHandler.m; sourceTree = "<group>"; };
/* End PBXFileReference section */

/* Begin PBXFrameworksBuildPhase section */
		F62D9E72155CC22900FCCBF1 /* Frameworks */ = {
			isa = PBXFrameworksBuildPhase;
			buildActionMask = 2147483647;
			files = (
				F62D9E9B155CC31D00FCCBF1 /* CoreTelephony.framework in Frameworks */,
				F62D9E7A155CC22900FCCBF1 /* UIKit.framework in Frameworks */,
				F62D9E7C155CC22900FCCBF1 /* Foundation.framework in Frameworks */,
				F62D9E7E155CC22900FCCBF1 /* CoreGraphics.framework in Frameworks */,
			);
			runOnlyForDeploymentPostprocessing = 0;
		};
/* End PBXFrameworksBuildPhase section */

/* Begin PBXGroup section */
		F62D9E6A155CC22800FCCBF1 = {
			isa = PBXGroup;
			children = (
				F62D9E9A155CC31D00FCCBF1 /* CoreTelephony.framework */,
				F62D9E7F155CC22900FCCBF1 /* PhoneCallBlock */,
				F62D9E78155CC22900FCCBF1 /* Frameworks */,
				F62D9E76155CC22900FCCBF1 /* Products */,
			);
			sourceTree = "<group>";
		};
		F62D9E76155CC22900FCCBF1 /* Products */ = {
			isa = PBXGroup;
			children = (
				F62D9E75155CC22900FCCBF1 /* PhoneCallBlock.app */,
			);
			name = Products;
			sourceTree = "<group>";
		};
		F62D9E78155CC22900FCCBF1 /* Frameworks */ = {
			isa = PBXGroup;
			children = (
				F62D9E79155CC22900FCCBF1 /* UIKit.framework */,
				F62D9E7B155CC22900FCCBF1 /* Foundation.framework */,
				F62D9E7D155CC22900FCCBF1 /* CoreGraphics.framework */,
			);
			name = Frameworks;
			sourceTree = "<group>";
		};
		F62D9E7F155CC22900FCCBF1 /* PhoneCallBlock */ = {
			isa = PBXGroup;
			children = (
				F62D9E88155CC22900FCCBF1 /* AppDelegate.h */,
				F62D9E89155CC22900FCCBF1 /* AppDelegate.m */,
				F62D9E8B155CC22900FCCBF1 /* ViewController.h */,
				F62D9E8C155CC22900FCCBF1 /* ViewController.m */,
				F62D9E8E155CC22900FCCBF1 /* ViewController.xib */,
				F62D9E80155CC22900FCCBF1 /* Supporting Files */,
				F62D9EAD155CCCA200FCCBF1 /* CallHandler.h */,
				F62D9EAE155CCCA200FCCBF1 /* CallHandler.m */,
			);
			path = PhoneCallBlock;
			sourceTree = "<group>";
		};
		F62D9E80155CC22900FCCBF1 /* Supporting Files */ = {
			isa = PBXGroup;
			children = (
				F62D9E81155CC22900FCCBF1 /* PhoneCallBlock-Info.plist */,
				F62D9E82155CC22900FCCBF1 /* InfoPlist.strings */,
				F62D9E85155CC22900FCCBF1 /* main.m */,
				F62D9E87155CC22900FCCBF1 /* PhoneCallBlock-Prefix.pch */,
			);
			name = "Supporting Files";
			sourceTree = "<group>";
		};
/* End PBXGroup section */

/* Begin PBXNativeTarget section */
		F62D9E74155CC22900FCCBF1 /* PhoneCallBlock */ = {
			isa = PBXNativeTarget;
			buildConfigurationList = F62D9E93155CC22900FCCBF1 /* Build configuration list for PBXNativeTarget "PhoneCallBlock" */;
			buildPhases = (
				F62D9E71155CC22900FCCBF1 /* Sources */,
				F62D9E72155CC22900FCCBF1 /* Frameworks */,
				F62D9E73155CC22900FCCBF1 /* Resources */,
			);
			buildRules = (
			);
			dependencies = (
			);
			name = PhoneCallBlock;
			productName = PhoneCallBlock;
			productReference = F62D9E75155CC22900FCCBF1 /* PhoneCallBlock.app */;
			productType = "com.apple.product-type.application";
		};
/* End PBXNativeTarget section */

/* Begin PBXProject section */
		F62D9E6C155CC22800FCCBF1 /* Project object */ = {
			isa = PBXProject;
			attributes = {
				LastUpgradeCheck = 0430;
				ORGANIZATIONNAME = hust;
			};
			buildConfigurationList = F62D9E6F155CC22800FCCBF1 /* Build configuration list for PBXProject "PhoneCallBlock" */;
			compatibilityVersion = "Xcode 3.2";
			developmentRegion = English;
			hasScannedForEncodings = 0;
			knownRegions = (
				en,
			);
			mainGroup = F62D9E6A155CC22800FCCBF1;
			productRefGroup = F62D9E76155CC22900FCCBF1 /* Products */;
			projectDirPath = "";
			projectRoot = "";
			targets = (
				F62D9E74155CC22900FCCBF1 /* PhoneCallBlock */,
			);
		};
/* End PBXProject section */

/* Begin PBXResourcesBuildPhase section */
		F62D9E73155CC22900FCCBF1 /* Resources */ = {
			isa = PBXResourcesBuildPhase;
			buildActionMask = 2147483647;
			files = (
				F62D9E84155CC22900FCCBF1 /* InfoPlist.strings in Resources */,
				F62D9E90155CC22900FCCBF1 /* ViewController.xib in Resources */,
			);
			runOnlyForDeploymentPostprocessing = 0;
		};
/* End PBXResourcesBuildPhase section */

/* Begin PBXSourcesBuildPhase section */
		F62D9E71155CC22900FCCBF1 /* Sources */ = {
			isa = PBXSourcesBuildPhase;
			buildActionMask = 2147483647;
			files = (
				F62D9E86155CC22900FCCBF1 /* main.m in Sources */,
				F62D9E8A155CC22900FCCBF1 /* AppDelegate.m in Sources */,
				F62D9E8D155CC22900FCCBF1 /* ViewController.m in Sources */,
				F62D9EAF155CCCA200FCCBF1 /* CallHandler.m in Sources */,
			);
			runOnlyForDeploymentPostprocessing = 0;
		};
/* End PBXSourcesBuildPhase section */

/* Begin PBXVariantGroup section */
		F62D9E82155CC22900FCCBF1 /* InfoPlist.strings */ = {
			isa = PBXVariantGroup;
			children = (
				F62D9E83155CC22900FCCBF1 /* en */,
			);
			name = InfoPlist.strings;
			sourceTree = "<group>";
		};
		F62D9E8E155CC22900FCCBF1 /* ViewController.xib */ = {
			isa = PBXVariantGroup;
			children = (
				F62D9E8F155CC22900FCCBF1 /* en */,
			);
			name = ViewController.xib;
			sourceTree = "<group>";
		};
/* End PBXVariantGroup section */

/* Begin XCBuildConfiguration section */
		F62D9E91155CC22900FCCBF1 /* Debug */ = {
			isa = XCBuildConfiguration;
			buildSettings = {
				ALWAYS_SEARCH_USER_PATHS = NO;
				ARCHS = "$(ARCHS_STANDARD_32_BIT)";
				CODE_SIGN_IDENTITY = "iPhone Developer: Hongbin Suo (P739FP4WL8)";
				"CODE_SIGN_IDENTITY[sdk=iphoneos*]" = "iPhone Developer";
				COPY_PHASE_STRIP = NO;
				GCC_C_LANGUAGE_STANDARD = gnu99;
				GCC_DYNAMIC_NO_PIC = NO;
				GCC_OPTIMIZATION_LEVEL = 0;
				GCC_PREPROCESSOR_DEFINITIONS = (
					"DEBUG=1",
					"$(inherited)",
				);
				GCC_SYMBOLS_PRIVATE_EXTERN = NO;
				GCC_VERSION = com.apple.compilers.llvm.clang.1_0;
				GCC_WARN_ABOUT_RETURN_TYPE = YES;
				GCC_WARN_UNINITIALIZED_AUTOS = YES;
				GCC_WARN_UNUSED_VARIABLE = YES;
				IPHONEOS_DEPLOYMENT_TARGET = 5.1;
				PROVISIONING_PROFILE = "C911DD9E-94A4-466C-8FBD-8B42A8E5B48B";
				SDKROOT = iphoneos;
			};
			name = Debug;
		};
		F62D9E92155CC22900FCCBF1 /* Release */ = {
			isa = XCBuildConfiguration;
			buildSettings = {
				ALWAYS_SEARCH_USER_PATHS = NO;
				ARCHS = "$(ARCHS_STANDARD_32_BIT)";
				CODE_SIGN_IDENTITY = "iPhone Developer: Hongbin Suo (P739FP4WL8)";
				"CODE_SIGN_IDENTITY[sdk=iphoneos*]" = "iPhone Developer";
				COPY_PHASE_STRIP = YES;
				GCC_C_LANGUAGE_STANDARD = gnu99;
				GCC_VERSION = com.apple.compilers.llvm.clang.1_0;
				GCC_WARN_ABOUT_RETURN_TYPE = YES;
				GCC_WARN_UNINITIALIZED_AUTOS = YES;
				GCC_WARN_UNUSED_VARIABLE = YES;
				IPHONEOS_DEPLOYMENT_TARGET = 5.1;
				OTHER_CFLAGS = "-DNS_BLOCK_ASSERTIONS=1";
				PROVISIONING_PROFILE = "C911DD9E-94A4-466C-8FBD-8B42A8E5B48B";
				SDKROOT = iphoneos;
				VALIDATE_PRODUCT = YES;
			};
			name = Release;
		};
		F62D9E94155CC22900FCCBF1 /* Debug */ = {
			isa = XCBuildConfiguration;
			buildSettings = {
				GCC_PRECOMPILE_PREFIX_HEADER = YES;
				GCC_PREFIX_HEADER = "PhoneCallBlock/PhoneCallBlock-Prefix.pch";
				INFOPLIST_FILE = "PhoneCallBlock/PhoneCallBlock-Info.plist";
				PRODUCT_NAME = "$(TARGET_NAME)";
				WRAPPER_EXTENSION = app;
			};
			name = Debug;
		};
		F62D9E95155CC22900FCCBF1 /* Release */ = {
			isa = XCBuildConfiguration;
			buildSettings = {
				GCC_PRECOMPILE_PREFIX_HEADER = YES;
				GCC_PREFIX_HEADER = "PhoneCallBlock/PhoneCallBlock-Prefix.pch";
				INFOPLIST_FILE = "PhoneCallBlock/PhoneCallBlock-Info.plist";
				PRODUCT_NAME = "$(TARGET_NAME)";
				WRAPPER_EXTENSION = app;
			};
			name = Release;
		};
/* End XCBuildConfiguration section */

/* Begin XCConfigurationList section */
		F62D9E6F155CC22800FCCBF1 /* Build configuration list for PBXProject "PhoneCallBlock" */ = {
			isa = XCConfigurationList;
			buildConfigurations = (
				F62D9E91155CC22900FCCBF1 /* Debug */,
				F62D9E92155CC22900FCCBF1 /* Release */,
			);
			defaultConfigurationIsVisible = 0;
			defaultConfigurationName = Release;
		};
		F62D9E93155CC22900FCCBF1 /* Build configuration list for PBXNativeTarget "PhoneCallBlock" */ = {
			isa = XCConfigurationList;
			buildConfigurations = (
				F62D9E94155CC22900FCCBF1 /* Debug */,
				F62D9E95155CC22900FCCBF1 /* Release */,
			);
			defaultConfigurationIsVisible = 0;
			defaultConfigurationName = Release;
		};
/* End XCConfigurationList section */
	};
	rootObject = F62D9E6C155CC22800FCCBF1 /* Project object */;
}
